
Microsoft Visual Studio Solution File, Format Version 12.00
# Visual Studio 15
VisualStudioVersion = 15.0.28010.2026
MinimumVisualStudioVersion = 10.0.40219.1
Project("{8BC9CEB8-8B4A-11D0-8D11-00A0C91BC942}") = "text3", "text3\text3.vcxproj", "{94EF299B-E062-4D35-B91D-472763BDF5C6}"
EndProject
Global
	GlobalSection(SolutionConfigurationPlatforms) = preSolution
		Debug|x64 = Debug|x64
		Debug|x86 = Debug|x86
		Release|x64 = Release|x64
		Release|x86 = Release|x86
	EndGlobalSection
	GlobalSection(ProjectConfigurationPlatforms) = postSolution
		{94EF299B-E062-4D35-B91D-472763BDF5C6}.Debug|x64.ActiveCfg = Debug|x64
		{94EF299B-E062-4D35-B91D-472763BDF5C6}.Debug|x64.Build.0 = Debug|x64
		{94EF299B-E062-4D35-B91D-472763BDF5C6}.Debug|x86.ActiveCfg = Debug|Win32
		{94EF299B-E062-4D35-B91D-472763BDF5C6}.Debug|x86.Build.0 = Debug|Win32
		{94EF299B-E062-4D35-B91D-472763BDF5C6}.Release|x64.ActiveCfg = Release|x64
		{94EF299B-E062-4D35-B91D-472763BDF5C6}.Release|x64.Build.0 = Release|x64
		{94EF299B-E062-4D35-B91D-472763BDF5C6}.Release|x86.ActiveCfg = Release|Win32
		{94EF299B-E062-4D35-B91D-472763BDF5C6}.Release|x86.Build.0 = Release|Win32
	EndGlobalSection
	GlobalSection(SolutionProperties) = preSolution
		HideSolutionNode = FALSE
	EndGlobalSection
	GlobalSection(ExtensibilityGlobals) = postSolution
		SolutionGuid = {CF48E2B7-236A-4822-B108-4DBD6260B84F}
	EndGlobalSection
EndGlobal
